
Microsoft Visual Studio Solution File, Format Version 12.00
# Visual Studio Version 16
VisualStudioVersion = 16.0.31424.327
MinimumVisualStudioVersion = 10.0.40219.1
Project("{FAE04EC0-301F-11D3-BF4B-00C04F79EFBC}") = "Prosperity", "Prosperity.csproj", "{140723D9-56CF-4CD9-B145-81C4AABBBF2E}"
EndProject
Global
	GlobalSection(SolutionConfigurationPlatforms) = preSolution
		Debug|Any CPU = Debug|Any CPU
		Release|Any CPU = Release|Any CPU
	EndGlobalSection
	GlobalSection(ProjectConfigurationPlatforms) = postSolution
		{140723D9-56CF-4CD9-B145-81C4AABBBF2E}.Debug|Any CPU.ActiveCfg = Debug|Any CPU
		{140723D9-56CF-4CD9-B145-81C4AABBBF2E}.Debug|Any CPU.Build.0 = Debug|Any CPU
		{140723D9-56CF-4CD9-B145-81C4AABBBF2E}.Release|Any CPU.ActiveCfg = Release|Any CPU
		{140723D9-56CF-4CD9-B145-81C4AABBBF2E}.Release|Any CPU.Build.0 = Release|Any CPU
	EndGlobalSection
	GlobalSection(SolutionProperties) = preSolution
		HideSolutionNode = FALSE
	EndGlobalSection
	GlobalSection(ExtensibilityGlobals) = postSolution
		SolutionGuid = {551B4014-8553-44E9-BFD9-A39681BC306F}
	EndGlobalSection
EndGlobal
